
Microsoft Visual Studio Solution File, Format Version 12.00
# Visual Studio Version 17
VisualStudioVersion = 17.3.32825.248
MinimumVisualStudioVersion = 10.0.40219.1
Project("{FAE04EC0-301F-11D3-BF4B-00C04F79EFBC}") = "Task1", "Task1\Task1.csproj", "{7A3B2726-BBB7-4F8E-875F-E4BBF689548D}"
EndProject
Project("{FAE04EC0-301F-11D3-BF4B-00C04F79EFBC}") = "Task2", "Task2\Task2.csproj", "{692134AD-A3C7-4805-9E31-E52B000289D7}"
EndProject
Project("{FAE04EC0-301F-11D3-BF4B-00C04F79EFBC}") = "Task3", "Task3\Task3.csproj", "{55FFF618-DB68-4662-8D51-BF84C7F55897}"
EndProject
Project("{FAE04EC0-301F-11D3-BF4B-00C04F79EFBC}") = "Task4", "Task4\Task4.csproj", "{E88CBE8A-1E57-4A7A-8D7B-7FCC620EB76F}"
EndProject
Global
	GlobalSection(SolutionConfigurationPlatforms) = preSolution
		Debug|Any CPU = Debug|Any CPU
		Release|Any CPU = Release|Any CPU
	EndGlobalSection
	GlobalSection(ProjectConfigurationPlatforms) = postSolution
		{7A3B2726-BBB7-4F8E-875F-E4BBF689548D}.Debug|Any CPU.ActiveCfg = Debug|Any CPU
		{7A3B2726-BBB7-4F8E-875F-E4BBF689548D}.Debug|Any CPU.Build.0 = Debug|Any CPU
		{7A3B2726-BBB7-4F8E-875F-E4BBF689548D}.Release|Any CPU.ActiveCfg = Release|Any CPU
		{7A3B2726-BBB7-4F8E-875F-E4BBF689548D}.Release|Any CPU.Build.0 = Release|Any CPU
		{692134AD-A3C7-4805-9E31-E52B000289D7}.Debug|Any CPU.ActiveCfg = Debug|Any CPU
		{692134AD-A3C7-4805-9E31-E52B000289D7}.Debug|Any CPU.Build.0 = Debug|Any CPU
		{692134AD-A3C7-4805-9E31-E52B000289D7}.Release|Any CPU.ActiveCfg = Release|Any CPU
		{692134AD-A3C7-4805-9E31-E52B000289D7}.Release|Any CPU.Build.0 = Release|Any CPU
		{55FFF618-DB68-4662-8D51-BF84C7F55897}.Debug|Any CPU.ActiveCfg = Debug|Any CPU
		{55FFF618-DB68-4662-8D51-BF84C7F55897}.Debug|Any CPU.Build.0 = Debug|Any CPU
		{55FFF618-DB68-4662-8D51-BF84C7F55897}.Release|Any CPU.ActiveCfg = Release|Any CPU
		{55FFF618-DB68-4662-8D51-BF84C7F55897}.Release|Any CPU.Build.0 = Release|Any CPU
		{E88CBE8A-1E57-4A7A-8D7B-7FCC620EB76F}.Debug|Any CPU.ActiveCfg = Debug|Any CPU
		{E88CBE8A-1E57-4A7A-8D7B-7FCC620EB76F}.Debug|Any CPU.Build.0 = Debug|Any CPU
		{E88CBE8A-1E57-4A7A-8D7B-7FCC620EB76F}.Release|Any CPU.ActiveCfg = Release|Any CPU
		{E88CBE8A-1E57-4A7A-8D7B-7FCC620EB76F}.Release|Any CPU.Build.0 = Release|Any CPU
	EndGlobalSection
	GlobalSection(SolutionProperties) = preSolution
		HideSolutionNode = FALSE
	EndGlobalSection
	GlobalSection(ExtensibilityGlobals) = postSolution
		SolutionGuid = {84A9ECE3-A65B-41B4-AE59-267F58B20BC6}
	EndGlobalSection
EndGlobal
